
Microsoft Visual Studio Solution File, Format Version 12.00
# Visual Studio Version 16
VisualStudioVersion = 16.0.29409.12
MinimumVisualStudioVersion = 10.0.40219.1
Project("{FAE04EC0-301F-11D3-BF4B-00C04F79EFBC}") = "Find ASCII", "Find ASCII.csproj", "{444B5A0D-7905-4118-BAFA-2866FF8FFA4C}"
EndProject
Global
	GlobalSection(SolutionConfigurationPlatforms) = preSolution
		Debug|Any CPU = Debug|Any CPU
		Release|Any CPU = Release|Any CPU
	EndGlobalSection
	GlobalSection(ProjectConfigurationPlatforms) = postSolution
		{444B5A0D-7905-4118-BAFA-2866FF8FFA4C}.Debug|Any CPU.ActiveCfg = Debug|Any CPU
		{444B5A0D-7905-4118-BAFA-2866FF8FFA4C}.Debug|Any CPU.Build.0 = Debug|Any CPU
		{444B5A0D-7905-4118-BAFA-2866FF8FFA4C}.Release|Any CPU.ActiveCfg = Release|Any CPU
		{444B5A0D-7905-4118-BAFA-2866FF8FFA4C}.Release|Any CPU.Build.0 = Release|Any CPU
	EndGlobalSection
	GlobalSection(SolutionProperties) = preSolution
		HideSolutionNode = FALSE
	EndGlobalSection
	GlobalSection(ExtensibilityGlobals) = postSolution
		SolutionGuid = {77CCCAE6-40CC-4CFE-8B29-CC4299A38518}
	EndGlobalSection
EndGlobal
